
Microsoft Visual Studio Solution File, Format Version 12.00
# Visual Studio Version 16
VisualStudioVersion = 16.0.30517.126
MinimumVisualStudioVersion = 10.0.40219.1
Project("{FAE04EC0-301F-11D3-BF4B-00C04F79EFBC}") = "RatingStudents", "RatingStudents\RatingStudents.csproj", "{14111CDB-C0C6-4E44-ABD0-8708D32C377B}"
EndProject
Global
	GlobalSection(SolutionConfigurationPlatforms) = preSolution
		Debug|Any CPU = Debug|Any CPU
		Release|Any CPU = Release|Any CPU
	EndGlobalSection
	GlobalSection(ProjectConfigurationPlatforms) = postSolution
		{14111CDB-C0C6-4E44-ABD0-8708D32C377B}.Debug|Any CPU.ActiveCfg = Debug|Any CPU
		{14111CDB-C0C6-4E44-ABD0-8708D32C377B}.Debug|Any CPU.Build.0 = Debug|Any CPU
		{14111CDB-C0C6-4E44-ABD0-8708D32C377B}.Release|Any CPU.ActiveCfg = Release|Any CPU
		{14111CDB-C0C6-4E44-ABD0-8708D32C377B}.Release|Any CPU.Build.0 = Release|Any CPU
	EndGlobalSection
	GlobalSection(SolutionProperties) = preSolution
		HideSolutionNode = FALSE
	EndGlobalSection
	GlobalSection(ExtensibilityGlobals) = postSolution
		SolutionGuid = {C606E06C-DEC2-4B98-BAE2-2D173FC70859}
	EndGlobalSection
EndGlobal
