
Microsoft Visual Studio Solution File, Format Version 12.00
# Visual Studio Version 16
VisualStudioVersion = 16.0.30517.126
MinimumVisualStudioVersion = 10.0.40219.1
Project("{FAE04EC0-301F-11D3-BF4B-00C04F79EFBC}") = "StudingRatingApp", "StudingRatingApp\StudingRatingApp.csproj", "{948FF131-DADF-425E-AD4D-351427E5B929}"
EndProject
Global
	GlobalSection(SolutionConfigurationPlatforms) = preSolution
		Debug|Any CPU = Debug|Any CPU
		Release|Any CPU = Release|Any CPU
	EndGlobalSection
	GlobalSection(ProjectConfigurationPlatforms) = postSolution
		{948FF131-DADF-425E-AD4D-351427E5B929}.Debug|Any CPU.ActiveCfg = Debug|Any CPU
		{948FF131-DADF-425E-AD4D-351427E5B929}.Debug|Any CPU.Build.0 = Debug|Any CPU
		{948FF131-DADF-425E-AD4D-351427E5B929}.Release|Any CPU.ActiveCfg = Release|Any CPU
		{948FF131-DADF-425E-AD4D-351427E5B929}.Release|Any CPU.Build.0 = Release|Any CPU
	EndGlobalSection
	GlobalSection(SolutionProperties) = preSolution
		HideSolutionNode = FALSE
	EndGlobalSection
	GlobalSection(ExtensibilityGlobals) = postSolution
		SolutionGuid = {A289D6C8-63B0-4C95-B5ED-AA23B77D3D61}
	EndGlobalSection
EndGlobal
